
Microsoft Visual Studio Solution File, Format Version 12.00
# Visual Studio Version 17
VisualStudioVersion = 17.7.34221.43
MinimumVisualStudioVersion = 10.0.40219.1
Project("{FAE04EC0-301F-11D3-BF4B-00C04F79EFBC}") = "WpfApp3", "WpfApp3\WpfApp3.csproj", "{06E81B12-2D6F-4015-9326-43C1962C2891}"
EndProject
Global
	GlobalSection(SolutionConfigurationPlatforms) = preSolution
		Debug|Any CPU = Debug|Any CPU
		Release|Any CPU = Release|Any CPU
	EndGlobalSection
	GlobalSection(ProjectConfigurationPlatforms) = postSolution
		{06E81B12-2D6F-4015-9326-43C1962C2891}.Debug|Any CPU.ActiveCfg = Debug|Any CPU
		{06E81B12-2D6F-4015-9326-43C1962C2891}.Debug|Any CPU.Build.0 = Debug|Any CPU
		{06E81B12-2D6F-4015-9326-43C1962C2891}.Release|Any CPU.ActiveCfg = Release|Any CPU
		{06E81B12-2D6F-4015-9326-43C1962C2891}.Release|Any CPU.Build.0 = Release|Any CPU
	EndGlobalSection
	GlobalSection(SolutionProperties) = preSolution
		HideSolutionNode = FALSE
	EndGlobalSection
	GlobalSection(ExtensibilityGlobals) = postSolution
		SolutionGuid = {8F7E21D3-9FEB-4708-9E46-3398B82229B9}
	EndGlobalSection
EndGlobal
